# Generated by component-test; do not edit.
version = "0.1"

[suite]
name = "conformance_guest_ct"
artifact_sha256 = "8bc3601042fda5b84edcd09592f365ce2e1d6cfc3a7664c9332f1f46158709a5"

[[case]]
name = "pair/binary-message"

[[case]]
name = "pair/channel-close-flush"

[[case]]
name = "pair/concurrent-send-receive"

[[case]]
name = "pair/interop-handshake"

[[case]]
name = "pair/label-round-trip"

[[case]]
name = "pair/large-message"

[[case]]
name = "pair/max-retransmits-accepted"

[[case]]
name = "pair/message-boundaries"

[[case]]
name = "pair/ordering"

[[case]]
name = "pair/payload-integrity"

[[case]]
name = "pair/text-message"

[[case]]
name = "pair/zero-length-message"

[[case]]
name = "solo/channel-drop-implies-close"

[[case]]
name = "solo/channel-post-close-receive"

[[case]]
name = "solo/channel-state-changes"

[[case]]
name = "solo/config-defaults"

[[case]]
name = "solo/config-invalid-ice-server"

[[case]]
name = "solo/config-setters-contract"

[[case]]
name = "solo/connection-state-changes"

[[case]]
name = "solo/error-closed"

[[case]]
name = "solo/error-invalid-signaling"

[[case]]
name = "solo/error-timed-out"

[[case]]
name = "solo/peer-add-ice-candidate"

[[case]]
name = "solo/peer-close-releases"

[[case]]
name = "solo/peer-create-data-channel"

[[case]]
name = "solo/peer-invalid-sdp"

[[case]]
name = "solo/peer-local-ice-candidates"

[[case]]
name = "solo/peer-offer-answer"

[[case]]
name = "solo/peer-streams-once"

[[case]]
name = "solo/peer-wait-connected"

[[case]]
name = "solo/peer-wait-connected-latch"

[[case]]
name = "solo/post-close-send"

[[case]]
name = "solo/post-close-signaling"

[[case]]
name = "solo/receive-buffer-overflow"

[[case]]
name = "solo/receive-via-stream"

[[case]]
name = "solo/receive-via-stream-once"

[[case]]
name = "solo/send-via-stream"
