{
  "name": "@polymorph/webrtc-conformance-deltic-browser",
  "lockfileVersion": 3,
  "requires": true,
  "packages": {
    "": {
      "name": "@polymorph/webrtc-conformance-deltic-browser",
      "dependencies": {
        "@polymorph/component-test-js": "github:polymorph-components/polymorph-test#aca1008344f754db1c2b88da05cb5999333f8d6a",
        "playwright-core": "^1.61.1"
      }
    },
    "node_modules/@polymorph/component-test-js": {
      "version": "0.2.0",
      "resolved": "git+ssh://git@github.com/polymorph-components/polymorph-test.git#aca1008344f754db1c2b88da05cb5999333f8d6a",
      "integrity": "sha512-Idrza14qMhT4vQLRUNX/lLVammu/Lqu+NgawlM+IBuQQRZpeFJsNLLZg1NsHqPsqKX4tzlS1rkw8kXze7ChLYQ==",
      "license": "Apache-2.0 WITH LLVM-exception",
      "bin": {
        "component-test-jco-transpile": "js/jco-transpile.mjs"
      }
    },
    "node_modules/playwright-core": {
      "version": "1.62.1",
      "resolved": "https://registry.npmjs.org/playwright-core/-/playwright-core-1.62.1.tgz",
      "integrity": "sha512-wPYSwEBJY9GHraISXqyqtx0na0LpO3XEX7jNDhntbex7tzUS7kLnZsOlFruFJB4Hi/rhDMjXGqHewDZ68nYZVw==",
      "license": "Apache-2.0",
      "bin": {
        "playwright-core": "cli.js"
      },
      "engines": {
        "node": ">=20"
      }
    }
  }
}
