# Generated by component-test; do not edit.
version = "0.1"

[suite]
name = "conformance_guest_pair_ct"
artifact_sha256 = "3c05906cab5521e2d12721cb16b14eb20283fd72d6e4e7748e83b68fbf4c597b"

[[case]]
name = "pair/binary-message"

[[case]]
name = "pair/channel-close-flush"

[[case]]
name = "pair/concurrent-send-receive"

[[case]]
name = "pair/interop-handshake"

[[case]]
name = "pair/label-round-trip"

[[case]]
name = "pair/large-message"

[[case]]
name = "pair/max-retransmits-accepted"

[[case]]
name = "pair/message-boundaries"

[[case]]
name = "pair/ordering"

[[case]]
name = "pair/payload-integrity"

[[case]]
name = "pair/text-message"

[[case]]
name = "pair/zero-length-message"
